{
  "nodes": {
    "flake-utils": {
      "inputs": {
        "systems": "systems"
      },
      "locked": {
        "lastModified": 1681202837,
        "narHash": "sha256-H+Rh19JDwRtpVPAWp64F+rlEtxUWBAQW28eAi3SRSzg=",
        "owner": "numtide",
        "repo": "flake-utils",
        "rev": "cfacdce06f30d2b68473a46042957675eebb3401",
        "type": "github"
      },
      "original": {
        "owner": "numtide",
        "repo": "flake-utils",
        "type": "github"
      }
    },
    "gstreamer-fix": {
      "locked": {
        "lastModified": 1651597463,
        "narHash": "sha256-GnK8qUGNRdAwaNHS3OuAi6VrgicsPU9gSVzoglx8MaM=",
        "owner": "milahu",
        "repo": "nixpkgs",
        "rev": "c9cb28e97cfe0320459f0364c6f3484cb69a7abb",
        "type": "github"
      },
      "original": {
        "owner": "milahu",
        "ref": "patch-22",
        "repo": "nixpkgs",
        "type": "github"
      }
    },
    "logmich": {
      "inputs": {
        "nixpkgs": [
          "vidthumb",
          "nixpkgs"
        ],
        "tinycmmc": [
          "vidthumb",
          "tinycmmc"
        ]
      },
      "locked": {
        "lastModified": 1661006039,
        "narHash": "sha256-div01/p21R2oDfOea8YL3+CtQ1xxg69Doe29Ru5+avw=",
        "owner": "logmich",
        "repo": "logmich",
        "rev": "33a5e05e9fb4cea1fc92346ccfa0ab739d906f02",
        "type": "github"
      },
      "original": {
        "owner": "logmich",
        "repo": "logmich",
        "type": "github"
      }
    },
    "nixpkgs": {
      "locked": {
        "lastModified": 1684782344,
        "narHash": "sha256-SHN8hPYYSX0thDrMLMWPWYulK3YFgASOrCsIL3AJ78g=",
        "owner": "NixOS",
        "repo": "nixpkgs",
        "rev": "8966c43feba2c701ed624302b6a935f97bcbdf88",
        "type": "github"
      },
      "original": {
        "owner": "NixOS",
        "ref": "nixos-23.05",
        "repo": "nixpkgs",
        "type": "github"
      }
    },
    "root": {
      "inputs": {
        "flake-utils": "flake-utils",
        "nixpkgs": "nixpkgs",
        "vidthumb": "vidthumb"
      }
    },
    "systems": {
      "locked": {
        "lastModified": 1681028828,
        "narHash": "sha256-Vy1rq5AaRuLzOxct8nz4T6wlgyUR7zLU309k9mBC768=",
        "owner": "nix-systems",
        "repo": "default",
        "rev": "da67096a3b9bf56a91d16901293e51ba5b49a27e",
        "type": "github"
      },
      "original": {
        "owner": "nix-systems",
        "repo": "default",
        "type": "github"
      }
    },
    "tinycmmc": {
      "inputs": {
        "flake-utils": [
          "vidthumb",
          "flake-utils"
        ],
        "nixpkgs": [
          "vidthumb",
          "nixpkgs"
        ]
      },
      "locked": {
        "lastModified": 1660915337,
        "narHash": "sha256-RUvBcVlsF0jleNeDGP2TtTYVozsx+7lJeOlQJ9vuYrk=",
        "owner": "grumbel",
        "repo": "tinycmmc",
        "rev": "25af158259bc772a5393c6200c4ebfd0ec4e28d0",
        "type": "github"
      },
      "original": {
        "owner": "grumbel",
        "repo": "tinycmmc",
        "type": "github"
      }
    },
    "vidthumb": {
      "inputs": {
        "flake-utils": [
          "flake-utils"
        ],
        "gstreamer-fix": "gstreamer-fix",
        "logmich": "logmich",
        "nixpkgs": [
          "nixpkgs"
        ],
        "tinycmmc": "tinycmmc"
      },
      "locked": {
        "lastModified": 1663680580,
        "narHash": "sha256-dngt4rfoew97+8vUs0E8kjeOmRqeq0ifxlNsVmRDtBY=",
        "owner": "grumbel",
        "repo": "vidthumb",
        "rev": "1810c1426027ef8e8e0f1c171f81268602c61fc0",
        "type": "github"
      },
      "original": {
        "owner": "grumbel",
        "repo": "vidthumb",
        "type": "github"
      }
    }
  },
  "root": "root",
  "version": 7
}
