{
  "nodes": {
    "flake-utils": {
      "inputs": {
        "systems": "systems"
      },
      "locked": {
        "lastModified": 1710146030,
        "narHash": "sha256-SZ5L6eA7HJ/nmkzGG7/ISclqe6oZdOZTNoesiInkXPQ=",
        "owner": "numtide",
        "repo": "flake-utils",
        "rev": "b1d9ab70662946ef0850d488da1c9019f3a9752a",
        "type": "github"
      },
      "original": {
        "owner": "numtide",
        "repo": "flake-utils",
        "type": "github"
      }
    },
    "logmich": {
      "inputs": {
        "nixpkgs": [
          "vidthumb",
          "nixpkgs"
        ],
        "tinycmmc": [
          "vidthumb",
          "tinycmmc"
        ]
      },
      "locked": {
        "lastModified": 1684870196,
        "narHash": "sha256-5Y5FfBXM53OBSJzO6q+7M3Fj1KsusJcFg3cAfnFAWcA=",
        "owner": "logmich",
        "repo": "logmich",
        "rev": "5924b2beabd2169a077ae57401bdd3cd8ebfba7d",
        "type": "github"
      },
      "original": {
        "owner": "logmich",
        "repo": "logmich",
        "type": "github"
      }
    },
    "nixpkgs": {
      "locked": {
        "lastModified": 1716542732,
        "narHash": "sha256-0Y9fRr0CUqWT4KgBITmaGwlnNIGMYuydu2L8iLTfHU4=",
        "owner": "NixOS",
        "repo": "nixpkgs",
        "rev": "d12251ef6e8e6a46e05689eeccd595bdbd3c9e60",
        "type": "github"
      },
      "original": {
        "owner": "NixOS",
        "ref": "nixos-24.05",
        "repo": "nixpkgs",
        "type": "github"
      }
    },
    "root": {
      "inputs": {
        "flake-utils": "flake-utils",
        "nixpkgs": "nixpkgs",
        "vidthumb": "vidthumb"
      }
    },
    "systems": {
      "locked": {
        "lastModified": 1681028828,
        "narHash": "sha256-Vy1rq5AaRuLzOxct8nz4T6wlgyUR7zLU309k9mBC768=",
        "owner": "nix-systems",
        "repo": "default",
        "rev": "da67096a3b9bf56a91d16901293e51ba5b49a27e",
        "type": "github"
      },
      "original": {
        "owner": "nix-systems",
        "repo": "default",
        "type": "github"
      }
    },
    "tinycmmc": {
      "inputs": {
        "flake-utils": [
          "vidthumb",
          "flake-utils"
        ],
        "nixpkgs": [
          "vidthumb",
          "nixpkgs"
        ]
      },
      "locked": {
        "lastModified": 1684952066,
        "narHash": "sha256-yS8/+TOL2OA7f/RQs1Zr20mmlPFIVvFOgWShLAQvH8w=",
        "owner": "grumbel",
        "repo": "tinycmmc",
        "rev": "01fe277570a290837726de6eb3c16d617bfda28c",
        "type": "github"
      },
      "original": {
        "owner": "grumbel",
        "repo": "tinycmmc",
        "type": "github"
      }
    },
    "vidthumb": {
      "inputs": {
        "flake-utils": [
          "flake-utils"
        ],
        "logmich": "logmich",
        "nixpkgs": [
          "nixpkgs"
        ],
        "tinycmmc": "tinycmmc"
      },
      "locked": {
        "lastModified": 1687597541,
        "narHash": "sha256-sI9iLSn23N2eHLn+IKMpMhvGF/NvU1Xs0vEwkLhUPsc=",
        "owner": "grumbel",
        "repo": "vidthumb",
        "rev": "8e1339f1d9225bded77d493a064bed9154c5ed26",
        "type": "github"
      },
      "original": {
        "owner": "grumbel",
        "repo": "vidthumb",
        "type": "github"
      }
    }
  },
  "root": "root",
  "version": 7
}
